<?xml version="1.0" encoding="utf-8"?>
<Project ToolsVersion="4.0" xmlns="http://schemas.microsoft.com/developer/msbuild/2003">
  <ItemGroup>
    <Filter Include="Public Source Files">
      <UniqueIdentifier>{4FC737F1-C7A5-4376-A066-2A32D752A2FF}</UniqueIdentifier>
      <Extensions>cpp;c;cc;cxx;def;odl;idl;hpj;bat;asm;asmx</Extensions>
    </Filter>
    <Filter Include="Private Source Files">
      <UniqueIdentifier>{fa019b39-19dd-439b-902c-5008803ae940}</UniqueIdentifier>
    </Filter>
    <Filter Include="Private Source Files\Models">
      <UniqueIdentifier>{8dd789c2-4879-4957-93c4-c69b37c896f2}</UniqueIdentifier>
    </Filter>
    <Filter Include="Public Source Files\Models">
      <UniqueIdentifier>{7a2567e6-8cda-4878-ada3-66323c1c7295}</UniqueIdentifier>
    </Filter>
    <Filter Include="Private Source Files\Raytracing">
      <UniqueIdentifier>{b6d9103e-6479-4b9f-b10d-9c1495bbd54c}</UniqueIdentifier>
    </Filter>
    <Filter Include="Public Source Files\Raytracing">
      <UniqueIdentifier>{d950d1f4-2162-421b-a69c-ba10be450fa0}</UniqueIdentifier>
    </Filter>
    <Filter Include="Private Source Files\Light">
      <UniqueIdentifier>{d0f6ebf9-5eb8-4323-a838-8cd63f0c0818}</UniqueIdentifier>
    </Filter>
    <Filter Include="Private Source Files\Shader">
      <UniqueIdentifier>{23553cb4-766c-4b4f-b180-036ada39330e}</UniqueIdentifier>
    </Filter>
    <Filter Include="Public Source Files\Light">
      <UniqueIdentifier>{fe87afaa-ca7e-48a0-b040-7f628fd83197}</UniqueIdentifier>
    </Filter>
    <Filter Include="Public Source Files\Shader">
      <UniqueIdentifier>{46ef4c13-74e3-487c-96e4-a1424c126980}</UniqueIdentifier>
    </Filter>
  </ItemGroup>
  <ItemGroup>
    <ClInclude Include="include\ACGM_RayTracer_lib\Scene.h">
      <Filter>Public Source Files</Filter>
    </ClInclude>
    <ClInclude Include="include\ACGM_RayTracer_lib\Model.h">
      <Filter>Public Source Files\Models</Filter>
    </ClInclude>
    <ClInclude Include="include\ACGM_RayTracer_lib\Plane.h">
      <Filter>Public Source Files\Models</Filter>
    </ClInclude>
    <ClInclude Include="include\ACGM_RayTracer_lib\Ray.h">
      <Filter>Public Source Files\Raytracing</Filter>
    </ClInclude>
    <ClInclude Include="include\ACGM_RayTracer_lib\Camera.h">
      <Filter>Public Source Files\Raytracing</Filter>
    </ClInclude>
    <ClInclude Include="include\ACGM_RayTracer_lib\PointLight.h">
      <Filter>Public Source Files\Light</Filter>
    </ClInclude>
    <ClInclude Include="include\ACGM_RayTracer_lib\SpotLight.h">
      <Filter>Public Source Files\Light</Filter>
    </ClInclude>
    <ClInclude Include="include\ACGM_RayTracer_lib\SunLight.h">
      <Filter>Public Source Files\Light</Filter>
    </ClInclude>
    <ClInclude Include="include\ACGM_RayTracer_lib\Light.h">
      <Filter>Public Source Files\Light</Filter>
    </ClInclude>
    <ClInclude Include="include\ACGM_RayTracer_lib\PhongShader.h">
      <Filter>Public Source Files\Shader</Filter>
    </ClInclude>
    <ClInclude Include="include\ACGM_RayTracer_lib\CheckerShader.h">
      <Filter>Public Source Files\Shader</Filter>
    </ClInclude>
    <ClInclude Include="include\ACGM_RayTracer_lib\Shader.h">
      <Filter>Public Source Files\Shader</Filter>
    </ClInclude>
    <ClInclude Include="include\ACGM_RayTracer_lib\SceneImporter.h">
      <Filter>Public Source Files</Filter>
    </ClInclude>
    <ClInclude Include="include\ACGM_RayTracer_lib\Mesh.h">
      <Filter>Public Source Files\Models</Filter>
    </ClInclude>
    <ClInclude Include="include\ACGM_RayTracer_lib\Triangle.h">
      <Filter>Public Source Files</Filter>
    </ClInclude>
    <ClInclude Include="include\ACGM_RayTracer_lib\Sphere.h">
      <Filter>Public Source Files\Models</Filter>
    </ClInclude>
  </ItemGroup>
  <ItemGroup>
    <ClCompile Include="src\Scene.cpp">
      <Filter>Private Source Files</Filter>
    </ClCompile>
    <ClCompile Include="src\Model.cpp">
      <Filter>Private Source Files\Models</Filter>
    </ClCompile>
    <ClCompile Include="src\Plane.cpp">
      <Filter>Private Source Files\Models</Filter>
    </ClCompile>
    <ClCompile Include="src\Camera.cpp">
      <Filter>Private Source Files\Raytracing</Filter>
    </ClCompile>
    <ClCompile Include="src\Ray.cpp">
      <Filter>Private Source Files\Raytracing</Filter>
    </ClCompile>
    <ClCompile Include="src\PointLight.cpp">
      <Filter>Private Source Files\Light</Filter>
    </ClCompile>
    <ClCompile Include="src\SpotLight.cpp">
      <Filter>Private Source Files\Light</Filter>
    </ClCompile>
    <ClCompile Include="src\SunLight.cpp">
      <Filter>Private Source Files\Light</Filter>
    </ClCompile>
    <ClCompile Include="src\Light.cpp">
      <Filter>Private Source Files\Light</Filter>
    </ClCompile>
    <ClCompile Include="src\PhongShader.cpp">
      <Filter>Private Source Files\Shader</Filter>
    </ClCompile>
    <ClCompile Include="src\CheckerShader.cpp">
      <Filter>Private Source Files\Shader</Filter>
    </ClCompile>
    <ClCompile Include="src\Shader.cpp">
      <Filter>Private Source Files\Shader</Filter>
    </ClCompile>
    <ClCompile Include="src\SceneImporter.cpp">
      <Filter>Private Source Files</Filter>
    </ClCompile>
    <ClCompile Include="src\Mesh.cpp">
      <Filter>Private Source Files\Models</Filter>
    </ClCompile>
    <ClCompile Include="src\Triangle.cpp">
      <Filter>Private Source Files</Filter>
    </ClCompile>
    <ClCompile Include="src\Sphere.cpp">
      <Filter>Private Source Files\Models</Filter>
    </ClCompile>
  </ItemGroup>
  <ItemGroup>
    <None Include="packages.config" />
  </ItemGroup>
</Project>